
Microsoft Visual Studio Solution File, Format Version 12.00
# Visual Studio Version 17
VisualStudioVersion = 17.6.33829.357
MinimumVisualStudioVersion = 10.0.40219.1
Project("{FAE04EC0-301F-11D3-BF4B-00C04F79EFBC}") = "MediatrExample", "MediatrExample\MediatrExample.csproj", "{CDFB650B-0A1B-46F7-BF55-44E2736721BB}"
EndProject
Global
	GlobalSection(SolutionConfigurationPlatforms) = preSolution
		Debug|Any CPU = Debug|Any CPU
		Release|Any CPU = Release|Any CPU
	EndGlobalSection
	GlobalSection(ProjectConfigurationPlatforms) = postSolution
		{CDFB650B-0A1B-46F7-BF55-44E2736721BB}.Debug|Any CPU.ActiveCfg = Debug|Any CPU
		{CDFB650B-0A1B-46F7-BF55-44E2736721BB}.Debug|Any CPU.Build.0 = Debug|Any CPU
		{CDFB650B-0A1B-46F7-BF55-44E2736721BB}.Release|Any CPU.ActiveCfg = Release|Any CPU
		{CDFB650B-0A1B-46F7-BF55-44E2736721BB}.Release|Any CPU.Build.0 = Release|Any CPU
	EndGlobalSection
	GlobalSection(SolutionProperties) = preSolution
		HideSolutionNode = FALSE
	EndGlobalSection
	GlobalSection(ExtensibilityGlobals) = postSolution
		SolutionGuid = {73D402E4-086A-49D5-8D40-57B2332B4A1C}
	EndGlobalSection
EndGlobal
